hash: b4e683bede984531171ed913e304717f373252420eaa4bacb0f4380ae19fd2e4
updated: 2016-12-09T10:02:20.36212814+01:00
imports:
- name: github.com/davecgh/go-spew
  version: 5215b55f46b2b919f50a1df0eaa5886afe4e3b3d
  subpackages:
  - spew
- name: github.com/m4rw3r/uuid
  version: 00c72d48d5aaaf3058e26d9641164c43ba239f33
- name: github.com/moul/http2curl
  version: b1479103caacaa39319f75e7f57fc545287fca0d
- name: github.com/parnurzeal/gorequest
  version: bdd24ac7ec2b0b2126f4782dd031644cbea1d223
- name: github.com/pkg/browser
  version: 9302be274faad99162b9d48ec97b24306872ebb0
- name: github.com/Sirupsen/logrus
  version: f3cfb454f4c209e6668c95216c4744b8fddb2356
- name: golang.org/x/net
  version: e90d6d0afc4c315a0d87a568ae68577cc15149a0
  subpackages:
  - publicsuffix
- name: golang.org/x/sys
  version: 8f0908ab3b2457e2e15403d3697c9ef5cb4b57a9
  subpackages:
  - unix
testImports: []
