hash: a9710765a385da2a9d2d013c3dbde32f84b1fbf7485edcf3676f6104d17be650
updated: 2017-04-03T08:55:58.681140977+02:00
imports:
- name: github.com/davecgh/go-spew
  version: 04cdfd42973bb9c8589fd6a731800cf222fde1a9
  subpackages:
  - spew
- name: github.com/m4rw3r/uuid
  version: 00c72d48d5aaaf3058e26d9641164c43ba239f33
- name: github.com/parnurzeal/gorequest
  version: ea779001e09326d30d455dbf37bc0d08c49941a2
- name: github.com/pkg/browser
  version: 8189194c9f158043d6d45a0b939a47a924ea4b13
- name: github.com/Sirupsen/logrus
  version: 10f801ebc38b33738c9d17d50860f484a0988ff5
- name: golang.org/x/sys
  version: 9a7256cb28ed514b4e1e5f68959914c4c28a92e0
  subpackages:
  - unix
- name: k8s.io/client-go
  version: 63e44d4493582c21461eae81027de697afd39d6a
  subpackages:
  - kubernetes
  - pkg/api/v1
  - tools/clientcmd
testImports: []
